// !$*UTF8*$!
{
	archiveVersion = 1;
	classes = {
	};
	objectVersion = 56;
	objects = {

/* Begin PBXBuildFile section */
		861BC86A2AEFC5D70082975B /* AppDelegate.swift in Sources */ = {isa = PBXBuildFile; fileRef = 861BC8692AEFC5D70082975B /* AppDelegate.swift */; };
		861BC86C2AEFC5D70082975B /* SceneDelegate.swift in Sources */ = {isa = PBXBuildFile; fileRef = 861BC86B2AEFC5D70082975B /* SceneDelegate.swift */; };
		861BC8732AEFC5D80082975B /* Assets.xcassets in Resources */ = {isa = PBXBuildFile; fileRef = 861BC8722AEFC5D80082975B /* Assets.xcassets */; };
		861BC8762AEFC5D80082975B /* LaunchScreen.storyboard in Resources */ = {isa = PBXBuildFile; fileRef = 861BC8742AEFC5D80082975B /* LaunchScreen.storyboard */; };
		861BC8802AEFC9520082975B /* TabBarController.swift in Sources */ = {isa = PBXBuildFile; fileRef = 861BC87F2AEFC9520082975B /* TabBarController.swift */; };
		861BC8832AEFC9EC0082975B /* UIColor+Extension.swift in Sources */ = {isa = PBXBuildFile; fileRef = 861BC8822AEFC9EC0082975B /* UIColor+Extension.swift */; };
		861BC8862AEFCAB30082975B /* Resources.swift in Sources */ = {isa = PBXBuildFile; fileRef = 861BC8852AEFCAB30082975B /* Resources.swift */; };
		861BC8882AEFD1410082975B /* NavBarController.swift in Sources */ = {isa = PBXBuildFile; fileRef = 861BC8872AEFD1410082975B /* NavBarController.swift */; };
		861BC88B2AEFD3130082975B /* BaseController.swift in Sources */ = {isa = PBXBuildFile; fileRef = 861BC88A2AEFD3130082975B /* BaseController.swift */; };
		861BC88D2AEFD5EB0082975B /* OverviewController.swift in Sources */ = {isa = PBXBuildFile; fileRef = 861BC88C2AEFD5EB0082975B /* OverviewController.swift */; };
		861BC88F2AEFD6900082975B /* UIView+Extension.swift in Sources */ = {isa = PBXBuildFile; fileRef = 861BC88E2AEFD6900082975B /* UIView+Extension.swift */; };
		861BC8972AEFD8BC0082975B /* SessionController.swift in Sources */ = {isa = PBXBuildFile; fileRef = 861BC8962AEFD8BC0082975B /* SessionController.swift */; };
		861BC8992AEFD8D20082975B /* ProgressController.swift in Sources */ = {isa = PBXBuildFile; fileRef = 861BC8982AEFD8D20082975B /* ProgressController.swift */; };
		861BC89B2AEFD8E00082975B /* SettingsController.swift in Sources */ = {isa = PBXBuildFile; fileRef = 861BC89A2AEFD8E00082975B /* SettingsController.swift */; };
		861BC89E2AEFE7ED0082975B /* WAButton.swift in Sources */ = {isa = PBXBuildFile; fileRef = 861BC89D2AEFE7ED0082975B /* WAButton.swift */; };
		861BC8A02AEFFE620082975B /* OverviewNavBar.swift in Sources */ = {isa = PBXBuildFile; fileRef = 861BC89F2AEFFE620082975B /* OverviewNavBar.swift */; };
		861BC8A22AEFFE890082975B /* BaseView.swift in Sources */ = {isa = PBXBuildFile; fileRef = 861BC8A12AEFFE890082975B /* BaseView.swift */; };
		861BC8A52AF271420082975B /* WeekView.swift in Sources */ = {isa = PBXBuildFile; fileRef = 861BC8A42AF271420082975B /* WeekView.swift */; };
		861BC8A72AF272730082975B /* WeekDayView.swift in Sources */ = {isa = PBXBuildFile; fileRef = 861BC8A62AF272730082975B /* WeekDayView.swift */; };
		861BC8A92AF27DBD0082975B /* Date+Extension.swift in Sources */ = {isa = PBXBuildFile; fileRef = 861BC8A82AF27DBD0082975B /* Date+Extension.swift */; };
		861BC8AC2AF290B80082975B /* BaseInfoView.swift in Sources */ = {isa = PBXBuildFile; fileRef = 861BC8AB2AF290B80082975B /* BaseInfoView.swift */; };
		861BC8AF2AF393050082975B /* TimerView.swift in Sources */ = {isa = PBXBuildFile; fileRef = 861BC8AE2AF393050082975B /* TimerView.swift */; };
		861BC8B22AF3939C0082975B /* ProgressView.swift in Sources */ = {isa = PBXBuildFile; fileRef = 861BC8B12AF3939C0082975B /* ProgressView.swift */; };
		86BF166C2B0B7D6A00D3E6F8 /* TimerPercentView.swift in Sources */ = {isa = PBXBuildFile; fileRef = 86BF166B2B0B7D6A00D3E6F8 /* TimerPercentView.swift */; };
		86BF16702B0B8FE900D3E6F8 /* StatsView.swift in Sources */ = {isa = PBXBuildFile; fileRef = 86BF166F2B0B8FE900D3E6F8 /* StatsView.swift */; };
		86BF16732B0B986100D3E6F8 /* StatsItemView.swift in Sources */ = {isa = PBXBuildFile; fileRef = 86BF16722B0B986100D3E6F8 /* StatsItemView.swift */; };
		86BF16752B0C870F00D3E6F8 /* StepsView.swift in Sources */ = {isa = PBXBuildFile; fileRef = 86BF16742B0C870F00D3E6F8 /* StepsView.swift */; };
		86BF16792B0C885800D3E6F8 /* BarsView.swift in Sources */ = {isa = PBXBuildFile; fileRef = 86BF16782B0C885800D3E6F8 /* BarsView.swift */; };
		86BF167B2B0C8DF200D3E6F8 /* BarView.swift in Sources */ = {isa = PBXBuildFile; fileRef = 86BF167A2B0C8DF200D3E6F8 /* BarView.swift */; };
		86BF16812B0C98AA00D3E6F8 /* DailyPerformanceView.swift in Sources */ = {isa = PBXBuildFile; fileRef = 86BF16802B0C98AA00D3E6F8 /* DailyPerformanceView.swift */; };
		86BF16832B0CA21100D3E6F8 /* MonthlyPerformanceView.swift in Sources */ = {isa = PBXBuildFile; fileRef = 86BF16822B0CA21100D3E6F8 /* MonthlyPerformanceView.swift */; };
		86BF16862B0CA45100D3E6F8 /* ChartsView.swift in Sources */ = {isa = PBXBuildFile; fileRef = 86BF16852B0CA45100D3E6F8 /* ChartsView.swift */; };
		86BF16882B0CABB000D3E6F8 /* YaxisView.swift in Sources */ = {isa = PBXBuildFile; fileRef = 86BF16872B0CABB000D3E6F8 /* YaxisView.swift */; };
		86BF168A2B0CAEA600D3E6F8 /* XaxisView.swift in Sources */ = {isa = PBXBuildFile; fileRef = 86BF16892B0CAEA600D3E6F8 /* XaxisView.swift */; };
		86BF168C2B0CC7C800D3E6F8 /* ChartView.swift in Sources */ = {isa = PBXBuildFile; fileRef = 86BF168B2B0CC7C800D3E6F8 /* ChartView.swift */; };
/* End PBXBuildFile section */

/* Begin PBXFileReference section */
		861BC8662AEFC5D70082975B /* WorkoutApp.app */ = {isa = PBXFileReference; explicitFileType = wrapper.application; includeInIndex = 0; path = WorkoutApp.app; sourceTree = BUILT_PRODUCTS_DIR; };
		861BC8692AEFC5D70082975B /* AppDelegate.swift */ = {isa = PBXFileReference; lastKnownFileType = sourcecode.swift; path = AppDelegate.swift; sourceTree = "<group>"; };
		861BC86B2AEFC5D70082975B /* SceneDelegate.swift */ = {isa = PBXFileReference; lastKnownFileType = sourcecode.swift; path = SceneDelegate.swift; sourceTree = "<group>"; };
		861BC8722AEFC5D80082975B /* Assets.xcassets */ = {isa = PBXFileReference; lastKnownFileType = folder.assetcatalog; path = Assets.xcassets; sourceTree = "<group>"; };
		861BC8752AEFC5D80082975B /* Base */ = {isa = PBXFileReference; lastKnownFileType = file.storyboard; name = Base; path = Base.lproj/LaunchScreen.storyboard; sourceTree = "<group>"; };
		861BC8772AEFC5D80082975B /* Info.plist */ = {isa = PBXFileReference; lastKnownFileType = text.plist.xml; path = Info.plist; sourceTree = "<group>"; };
		861BC87F2AEFC9520082975B /* TabBarController.swift */ = {isa = PBXFileReference; lastKnownFileType = sourcecode.swift; path = TabBarController.swift; sourceTree = "<group>"; };
		861BC8822AEFC9EC0082975B /* UIColor+Extension.swift */ = {isa = PBXFileReference; lastKnownFileType = sourcecode.swift; path = "UIColor+Extension.swift"; sourceTree = "<group>"; };
		861BC8852AEFCAB30082975B /* Resources.swift */ = {isa = PBXFileReference; lastKnownFileType = sourcecode.swift; path = Resources.swift; sourceTree = "<group>"; };
		861BC8872AEFD1410082975B /* NavBarController.swift */ = {isa = PBXFileReference; lastKnownFileType = sourcecode.swift; path = NavBarController.swift; sourceTree = "<group>"; };
		861BC88A2AEFD3130082975B /* BaseController.swift */ = {isa = PBXFileReference; lastKnownFileType = sourcecode.swift; path = BaseController.swift; sourceTree = "<group>"; };
		861BC88C2AEFD5EB0082975B /* OverviewController.swift */ = {isa = PBXFileReference; lastKnownFileType = sourcecode.swift; path = OverviewController.swift; sourceTree = "<group>"; };
		861BC88E2AEFD6900082975B /* UIView+Extension.swift */ = {isa = PBXFileReference; lastKnownFileType = sourcecode.swift; path = "UIView+Extension.swift"; sourceTree = "<group>"; };
		861BC8962AEFD8BC0082975B /* SessionController.swift */ = {isa = PBXFileReference; lastKnownFileType = sourcecode.swift; path = SessionController.swift; sourceTree = "<group>"; };
		861BC8982AEFD8D20082975B /* ProgressController.swift */ = {isa = PBXFileReference; lastKnownFileType = sourcecode.swift; path = ProgressController.swift; sourceTree = "<group>"; };
		861BC89A2AEFD8E00082975B /* SettingsController.swift */ = {isa = PBXFileReference; lastKnownFileType = sourcecode.swift; path = SettingsController.swift; sourceTree = "<group>"; };
		861BC89D2AEFE7ED0082975B /* WAButton.swift */ = {isa = PBXFileReference; lastKnownFileType = sourcecode.swift; path = WAButton.swift; sourceTree = "<group>"; };
		861BC89F2AEFFE620082975B /* OverviewNavBar.swift */ = {isa = PBXFileReference; lastKnownFileType = sourcecode.swift; path = OverviewNavBar.swift; sourceTree = "<group>"; };
		861BC8A12AEFFE890082975B /* BaseView.swift */ = {isa = PBXFileReference; lastKnownFileType = sourcecode.swift; path = BaseView.swift; sourceTree = "<group>"; };
		861BC8A42AF271420082975B /* WeekView.swift */ = {isa = PBXFileReference; lastKnownFileType = sourcecode.swift; path = WeekView.swift; sourceTree = "<group>"; };
		861BC8A62AF272730082975B /* WeekDayView.swift */ = {isa = PBXFileReference; lastKnownFileType = sourcecode.swift; path = WeekDayView.swift; sourceTree = "<group>"; };
		861BC8A82AF27DBD0082975B /* Date+Extension.swift */ = {isa = PBXFileReference; lastKnownFileType = sourcecode.swift; path = "Date+Extension.swift"; sourceTree = "<group>"; };
		861BC8AB2AF290B80082975B /* BaseInfoView.swift */ = {isa = PBXFileReference; lastKnownFileType = sourcecode.swift; path = BaseInfoView.swift; sourceTree = "<group>"; };
		861BC8AE2AF393050082975B /* TimerView.swift */ = {isa = PBXFileReference; lastKnownFileType = sourcecode.swift; path = TimerView.swift; sourceTree = "<group>"; };
		861BC8B12AF3939C0082975B /* ProgressView.swift */ = {isa = PBXFileReference; lastKnownFileType = sourcecode.swift; path = ProgressView.swift; sourceTree = "<group>"; };
		86BF166B2B0B7D6A00D3E6F8 /* TimerPercentView.swift */ = {isa = PBXFileReference; lastKnownFileType = sourcecode.swift; path = TimerPercentView.swift; sourceTree = "<group>"; };
		86BF166F2B0B8FE900D3E6F8 /* StatsView.swift */ = {isa = PBXFileReference; lastKnownFileType = sourcecode.swift; path = StatsView.swift; sourceTree = "<group>"; };
		86BF16722B0B986100D3E6F8 /* StatsItemView.swift */ = {isa = PBXFileReference; lastKnownFileType = sourcecode.swift; path = StatsItemView.swift; sourceTree = "<group>"; };
		86BF16742B0C870F00D3E6F8 /* StepsView.swift */ = {isa = PBXFileReference; lastKnownFileType = sourcecode.swift; path = StepsView.swift; sourceTree = "<group>"; };
		86BF16782B0C885800D3E6F8 /* BarsView.swift */ = {isa = PBXFileReference; lastKnownFileType = sourcecode.swift; path = BarsView.swift; sourceTree = "<group>"; };
		86BF167A2B0C8DF200D3E6F8 /* BarView.swift */ = {isa = PBXFileReference; lastKnownFileType = sourcecode.swift; path = BarView.swift; sourceTree = "<group>"; };
		86BF16802B0C98AA00D3E6F8 /* DailyPerformanceView.swift */ = {isa = PBXFileReference; lastKnownFileType = sourcecode.swift; path = DailyPerformanceView.swift; sourceTree = "<group>"; };
		86BF16822B0CA21100D3E6F8 /* MonthlyPerformanceView.swift */ = {isa = PBXFileReference; lastKnownFileType = sourcecode.swift; path = MonthlyPerformanceView.swift; sourceTree = "<group>"; };
		86BF16852B0CA45100D3E6F8 /* ChartsView.swift */ = {isa = PBXFileReference; lastKnownFileType = sourcecode.swift; path = ChartsView.swift; sourceTree = "<group>"; };
		86BF16872B0CABB000D3E6F8 /* YaxisView.swift */ = {isa = PBXFileReference; lastKnownFileType = sourcecode.swift; path = YaxisView.swift; sourceTree = "<group>"; };
		86BF16892B0CAEA600D3E6F8 /* XaxisView.swift */ = {isa = PBXFileReference; lastKnownFileType = sourcecode.swift; path = XaxisView.swift; sourceTree = "<group>"; };
		86BF168B2B0CC7C800D3E6F8 /* ChartView.swift */ = {isa = PBXFileReference; lastKnownFileType = sourcecode.swift; path = ChartView.swift; sourceTree = "<group>"; };
/* End PBXFileReference section */

/* Begin PBXFrameworksBuildPhase section */
		861BC8632AEFC5D70082975B /* Frameworks */ = {
			isa = PBXFrameworksBuildPhase;
			buildActionMask = 2147483647;
			files = (
			);
			runOnlyForDeploymentPostprocessing = 0;
		};
/* End PBXFrameworksBuildPhase section */

/* Begin PBXGroup section */
		861BC85D2AEFC5D70082975B = {
			isa = PBXGroup;
			children = (
				861BC8682AEFC5D70082975B /* WorkoutApp */,
				861BC8672AEFC5D70082975B /* Products */,
			);
			sourceTree = "<group>";
		};
		861BC8672AEFC5D70082975B /* Products */ = {
			isa = PBXGroup;
			children = (
				861BC8662AEFC5D70082975B /* WorkoutApp.app */,
			);
			name = Products;
			sourceTree = "<group>";
		};
		861BC8682AEFC5D70082975B /* WorkoutApp */ = {
			isa = PBXGroup;
			children = (
				861BC87E2AEFC8460082975B /* Supporting Files */,
				861BC8812AEFC9D80082975B /* Helpers */,
				861BC87D2AEFC82D0082975B /* Application */,
				861BC8892AEFD2D30082975B /* Contollers */,
			);
			path = WorkoutApp;
			sourceTree = "<group>";
		};
		861BC87D2AEFC82D0082975B /* Application */ = {
			isa = PBXGroup;
			children = (
				861BC8692AEFC5D70082975B /* AppDelegate.swift */,
				861BC86B2AEFC5D70082975B /* SceneDelegate.swift */,
			);
			path = Application;
			sourceTree = "<group>";
		};
		861BC87E2AEFC8460082975B /* Supporting Files */ = {
			isa = PBXGroup;
			children = (
				861BC8722AEFC5D80082975B /* Assets.xcassets */,
				861BC8742AEFC5D80082975B /* LaunchScreen.storyboard */,
				861BC8772AEFC5D80082975B /* Info.plist */,
			);
			path = "Supporting Files";
			sourceTree = "<group>";
		};
		861BC8812AEFC9D80082975B /* Helpers */ = {
			isa = PBXGroup;
			children = (
				861BC8842AEFC9F90082975B /* Extension */,
				861BC8852AEFCAB30082975B /* Resources.swift */,
			);
			path = Helpers;
			sourceTree = "<group>";
		};
		861BC8842AEFC9F90082975B /* Extension */ = {
			isa = PBXGroup;
			children = (
				861BC8822AEFC9EC0082975B /* UIColor+Extension.swift */,
				861BC88E2AEFD6900082975B /* UIView+Extension.swift */,
				861BC8A82AF27DBD0082975B /* Date+Extension.swift */,
			);
			path = Extension;
			sourceTree = "<group>";
		};
		861BC8892AEFD2D30082975B /* Contollers */ = {
			isa = PBXGroup;
			children = (
				861BC8952AEFD8A60082975B /* Settings */,
				861BC8942AEFD8A00082975B /* Progress */,
				861BC8922AEFD8950082975B /* Session */,
				861BC8912AEFD88E0082975B /* Overview */,
				861BC8902AEFD87D0082975B /* Base */,
			);
			path = Contollers;
			sourceTree = "<group>";
		};
		861BC8902AEFD87D0082975B /* Base */ = {
			isa = PBXGroup;
			children = (
				86BF16842B0CA43200D3E6F8 /* ChartsView */,
				86BF16762B0C883200D3E6F8 /* BarsView */,
				861BC89D2AEFE7ED0082975B /* WAButton.swift */,
				861BC8AA2AF290980082975B /* Views */,
				861BC8872AEFD1410082975B /* NavBarController.swift */,
				861BC87F2AEFC9520082975B /* TabBarController.swift */,
				861BC88A2AEFD3130082975B /* BaseController.swift */,
				861BC8A12AEFFE890082975B /* BaseView.swift */,
			);
			path = Base;
			sourceTree = "<group>";
		};
		861BC8912AEFD88E0082975B /* Overview */ = {
			isa = PBXGroup;
			children = (
				861BC89C2AEFE7C70082975B /* View */,
				861BC88C2AEFD5EB0082975B /* OverviewController.swift */,
			);
			path = Overview;
			sourceTree = "<group>";
		};
		861BC8922AEFD8950082975B /* Session */ = {
			isa = PBXGroup;
			children = (
				861BC8AD2AF392ED0082975B /* Views */,
				861BC8962AEFD8BC0082975B /* SessionController.swift */,
			);
			path = Session;
			sourceTree = "<group>";
		};
		861BC8942AEFD8A00082975B /* Progress */ = {
			isa = PBXGroup;
			children = (
				86BF167C2B0C985900D3E6F8 /* Views */,
				861BC8982AEFD8D20082975B /* ProgressController.swift */,
			);
			path = Progress;
			sourceTree = "<group>";
		};
		861BC8952AEFD8A60082975B /* Settings */ = {
			isa = PBXGroup;
			children = (
				861BC89A2AEFD8E00082975B /* SettingsController.swift */,
			);
			path = Settings;
			sourceTree = "<group>";
		};
		861BC89C2AEFE7C70082975B /* View */ = {
			isa = PBXGroup;
			children = (
				861BC8A32AF2712E0082975B /* WeekView */,
				861BC89F2AEFFE620082975B /* OverviewNavBar.swift */,
			);
			path = View;
			sourceTree = "<group>";
		};
		861BC8A32AF2712E0082975B /* WeekView */ = {
			isa = PBXGroup;
			children = (
				861BC8A42AF271420082975B /* WeekView.swift */,
				861BC8A62AF272730082975B /* WeekDayView.swift */,
			);
			path = WeekView;
			sourceTree = "<group>";
		};
		861BC8AA2AF290980082975B /* Views */ = {
			isa = PBXGroup;
			children = (
				861BC8AB2AF290B80082975B /* BaseInfoView.swift */,
			);
			path = Views;
			sourceTree = "<group>";
		};
		861BC8AD2AF392ED0082975B /* Views */ = {
			isa = PBXGroup;
			children = (
				86BF166E2B0B8D8900D3E6F8 /* Steps */,
				86BF166D2B0B8D7F00D3E6F8 /* Stats */,
				861BC8B02AF3938C0082975B /* Timer */,
			);
			path = Views;
			sourceTree = "<group>";
		};
		861BC8B02AF3938C0082975B /* Timer */ = {
			isa = PBXGroup;
			children = (
				861BC8AE2AF393050082975B /* TimerView.swift */,
				861BC8B12AF3939C0082975B /* ProgressView.swift */,
				86BF166B2B0B7D6A00D3E6F8 /* TimerPercentView.swift */,
			);
			path = Timer;
			sourceTree = "<group>";
		};
		86BF166D2B0B8D7F00D3E6F8 /* Stats */ = {
			isa = PBXGroup;
			children = (
				86BF16712B0B984B00D3E6F8 /* Views */,
				86BF166F2B0B8FE900D3E6F8 /* StatsView.swift */,
			);
			path = Stats;
			sourceTree = "<group>";
		};
		86BF166E2B0B8D8900D3E6F8 /* Steps */ = {
			isa = PBXGroup;
			children = (
				86BF16742B0C870F00D3E6F8 /* StepsView.swift */,
			);
			path = Steps;
			sourceTree = "<group>";
		};
		86BF16712B0B984B00D3E6F8 /* Views */ = {
			isa = PBXGroup;
			children = (
				86BF16722B0B986100D3E6F8 /* StatsItemView.swift */,
			);
			path = Views;
			sourceTree = "<group>";
		};
		86BF16762B0C883200D3E6F8 /* BarsView */ = {
			isa = PBXGroup;
			children = (
				86BF16782B0C885800D3E6F8 /* BarsView.swift */,
				86BF167A2B0C8DF200D3E6F8 /* BarView.swift */,
			);
			path = BarsView;
			sourceTree = "<group>";
		};
		86BF167C2B0C985900D3E6F8 /* Views */ = {
			isa = PBXGroup;
			children = (
				86BF167D2B0C986800D3E6F8 /* Performance */,
			);
			path = Views;
			sourceTree = "<group>";
		};
		86BF167D2B0C986800D3E6F8 /* Performance */ = {
			isa = PBXGroup;
			children = (
				86BF16802B0C98AA00D3E6F8 /* DailyPerformanceView.swift */,
				86BF16822B0CA21100D3E6F8 /* MonthlyPerformanceView.swift */,
			);
			path = Performance;
			sourceTree = "<group>";
		};
		86BF16842B0CA43200D3E6F8 /* ChartsView */ = {
			isa = PBXGroup;
			children = (
				86BF16852B0CA45100D3E6F8 /* ChartsView.swift */,
				86BF16872B0CABB000D3E6F8 /* YaxisView.swift */,
				86BF16892B0CAEA600D3E6F8 /* XaxisView.swift */,
				86BF168B2B0CC7C800D3E6F8 /* ChartView.swift */,
			);
			path = ChartsView;
			sourceTree = "<group>";
		};
/* End PBXGroup section */

/* Begin PBXNativeTarget section */
		861BC8652AEFC5D70082975B /* WorkoutApp */ = {
			isa = PBXNativeTarget;
			buildConfigurationList = 861BC87A2AEFC5D80082975B /* Build configuration list for PBXNativeTarget "WorkoutApp" */;
			buildPhases = (
				861BC8622AEFC5D70082975B /* Sources */,
				861BC8632AEFC5D70082975B /* Frameworks */,
				861BC8642AEFC5D70082975B /* Resources */,
			);
			buildRules = (
			);
			dependencies = (
			);
			name = WorkoutApp;
			productName = WorkoutApp;
			productReference = 861BC8662AEFC5D70082975B /* WorkoutApp.app */;
			productType = "com.apple.product-type.application";
		};
/* End PBXNativeTarget section */

/* Begin PBXProject section */
		861BC85E2AEFC5D70082975B /* Project object */ = {
			isa = PBXProject;
			attributes = {
				BuildIndependentTargetsInParallel = 1;
				LastSwiftUpdateCheck = 1500;
				LastUpgradeCheck = 1500;
				TargetAttributes = {
					861BC8652AEFC5D70082975B = {
						CreatedOnToolsVersion = 15.0.1;
					};
				};
			};
			buildConfigurationList = 861BC8612AEFC5D70082975B /* Build configuration list for PBXProject "WorkoutApp" */;
			compatibilityVersion = "Xcode 14.0";
			developmentRegion = en;
			hasScannedForEncodings = 0;
			knownRegions = (
				en,
				Base,
			);
			mainGroup = 861BC85D2AEFC5D70082975B;
			productRefGroup = 861BC8672AEFC5D70082975B /* Products */;
			projectDirPath = "";
			projectRoot = "";
			targets = (
				861BC8652AEFC5D70082975B /* WorkoutApp */,
			);
		};
/* End PBXProject section */

/* Begin PBXResourcesBuildPhase section */
		861BC8642AEFC5D70082975B /* Resources */ = {
			isa = PBXResourcesBuildPhase;
			buildActionMask = 2147483647;
			files = (
				861BC8762AEFC5D80082975B /* LaunchScreen.storyboard in Resources */,
				861BC8732AEFC5D80082975B /* Assets.xcassets in Resources */,
			);
			runOnlyForDeploymentPostprocessing = 0;
		};
/* End PBXResourcesBuildPhase section */

/* Begin PBXSourcesBuildPhase section */
		861BC8622AEFC5D70082975B /* Sources */ = {
			isa = PBXSourcesBuildPhase;
			buildActionMask = 2147483647;
			files = (
				861BC8A52AF271420082975B /* WeekView.swift in Sources */,
				861BC89B2AEFD8E00082975B /* SettingsController.swift in Sources */,
				861BC8802AEFC9520082975B /* TabBarController.swift in Sources */,
				861BC8A02AEFFE620082975B /* OverviewNavBar.swift in Sources */,
				861BC8882AEFD1410082975B /* NavBarController.swift in Sources */,
				86BF16832B0CA21100D3E6F8 /* MonthlyPerformanceView.swift in Sources */,
				861BC88B2AEFD3130082975B /* BaseController.swift in Sources */,
				86BF16882B0CABB000D3E6F8 /* YaxisView.swift in Sources */,
				861BC88F2AEFD6900082975B /* UIView+Extension.swift in Sources */,
				861BC8972AEFD8BC0082975B /* SessionController.swift in Sources */,
				861BC89E2AEFE7ED0082975B /* WAButton.swift in Sources */,
				86BF16812B0C98AA00D3E6F8 /* DailyPerformanceView.swift in Sources */,
				861BC8AC2AF290B80082975B /* BaseInfoView.swift in Sources */,
				861BC8AF2AF393050082975B /* TimerView.swift in Sources */,
				861BC8B22AF3939C0082975B /* ProgressView.swift in Sources */,
				86BF16792B0C885800D3E6F8 /* BarsView.swift in Sources */,
				861BC8992AEFD8D20082975B /* ProgressController.swift in Sources */,
				86BF16752B0C870F00D3E6F8 /* StepsView.swift in Sources */,
				86BF168A2B0CAEA600D3E6F8 /* XaxisView.swift in Sources */,
				86BF16862B0CA45100D3E6F8 /* ChartsView.swift in Sources */,
				861BC86A2AEFC5D70082975B /* AppDelegate.swift in Sources */,
				861BC8862AEFCAB30082975B /* Resources.swift in Sources */,
				86BF16732B0B986100D3E6F8 /* StatsItemView.swift in Sources */,
				86BF167B2B0C8DF200D3E6F8 /* BarView.swift in Sources */,
				861BC86C2AEFC5D70082975B /* SceneDelegate.swift in Sources */,
				86BF166C2B0B7D6A00D3E6F8 /* TimerPercentView.swift in Sources */,
				861BC8A22AEFFE890082975B /* BaseView.swift in Sources */,
				861BC8A72AF272730082975B /* WeekDayView.swift in Sources */,
				861BC88D2AEFD5EB0082975B /* OverviewController.swift in Sources */,
				86BF168C2B0CC7C800D3E6F8 /* ChartView.swift in Sources */,
				86BF16702B0B8FE900D3E6F8 /* StatsView.swift in Sources */,
				861BC8832AEFC9EC0082975B /* UIColor+Extension.swift in Sources */,
				861BC8A92AF27DBD0082975B /* Date+Extension.swift in Sources */,
			);
			runOnlyForDeploymentPostprocessing = 0;
		};
/* End PBXSourcesBuildPhase section */

/* Begin PBXVariantGroup section */
		861BC8742AEFC5D80082975B /* LaunchScreen.storyboard */ = {
			isa = PBXVariantGroup;
			children = (
				861BC8752AEFC5D80082975B /* Base */,
			);
			name = LaunchScreen.storyboard;
			sourceTree = "<group>";
		};
/* End PBXVariantGroup section */

/* Begin XCBuildConfiguration section */
		861BC8782AEFC5D80082975B /* Debug */ = {
			isa = XCBuildConfiguration;
			buildSettings = {
				ALWAYS_SEARCH_USER_PATHS = NO;
				ASSETCATALOG_COMPILER_GENERATE_SWIFT_ASSET_SYMBOL_EXTENSIONS = YES;
				CLANG_ANALYZER_NONNULL = YES;
				CLANG_ANALYZER_NUMBER_OBJECT_CONVERSION = YES_AGGRESSIVE;
				CLANG_CXX_LANGUAGE_STANDARD = "gnu++20";
				CLANG_ENABLE_MODULES = YES;
				CLANG_ENABLE_OBJC_ARC = YES;
				CLANG_ENABLE_OBJC_WEAK = YES;
				CLANG_WARN_BLOCK_CAPTURE_AUTORELEASING = YES;
				CLANG_WARN_BOOL_CONVERSION = YES;
				CLANG_WARN_COMMA = YES;
				CLANG_WARN_CONSTANT_CONVERSION = YES;
				CLANG_WARN_DEPRECATED_OBJC_IMPLEMENTATIONS = YES;
				CLANG_WARN_DIRECT_OBJC_ISA_USAGE = YES_ERROR;
				CLANG_WARN_DOCUMENTATION_COMMENTS = YES;
				CLANG_WARN_EMPTY_BODY = YES;
				CLANG_WARN_ENUM_CONVERSION = YES;
				CLANG_WARN_INFINITE_RECURSION = YES;
				CLANG_WARN_INT_CONVERSION = YES;
				CLANG_WARN_NON_LITERAL_NULL_CONVERSION = YES;
				CLANG_WARN_OBJC_IMPLICIT_RETAIN_SELF = YES;
				CLANG_WARN_OBJC_LITERAL_CONVERSION = YES;
				CLANG_WARN_OBJC_ROOT_CLASS = YES_ERROR;
				CLANG_WARN_QUOTED_INCLUDE_IN_FRAMEWORK_HEADER = YES;
				CLANG_WARN_RANGE_LOOP_ANALYSIS = YES;
				CLANG_WARN_STRICT_PROTOTYPES = YES;
				CLANG_WARN_SUSPICIOUS_MOVE = YES;
				CLANG_WARN_UNGUARDED_AVAILABILITY = YES_AGGRESSIVE;
				CLANG_WARN_UNREACHABLE_CODE = YES;
				CLANG_WARN__DUPLICATE_METHOD_MATCH = YES;
				COPY_PHASE_STRIP = NO;
				DEBUG_INFORMATION_FORMAT = dwarf;
				ENABLE_STRICT_OBJC_MSGSEND = YES;
				ENABLE_TESTABILITY = YES;
				ENABLE_USER_SCRIPT_SANDBOXING = YES;
				GCC_C_LANGUAGE_STANDARD = gnu17;
				GCC_DYNAMIC_NO_PIC = NO;
				GCC_NO_COMMON_BLOCKS = YES;
				GCC_OPTIMIZATION_LEVEL = 0;
				GCC_PREPROCESSOR_DEFINITIONS = (
					"DEBUG=1",
					"$(inherited)",
				);
				GCC_WARN_64_TO_32_BIT_CONVERSION = YES;
				GCC_WARN_ABOUT_RETURN_TYPE = YES_ERROR;
				GCC_WARN_UNDECLARED_SELECTOR = YES;
				GCC_WARN_UNINITIALIZED_AUTOS = YES_AGGRESSIVE;
				GCC_WARN_UNUSED_FUNCTION = YES;
				GCC_WARN_UNUSED_VARIABLE = YES;
				IPHONEOS_DEPLOYMENT_TARGET = 17.0;
				LOCALIZATION_PREFERS_STRING_CATALOGS = YES;
				MTL_ENABLE_DEBUG_INFO = INCLUDE_SOURCE;
				MTL_FAST_MATH = YES;
				ONLY_ACTIVE_ARCH = YES;
				SDKROOT = iphoneos;
				SWIFT_ACTIVE_COMPILATION_CONDITIONS = "DEBUG $(inherited)";
				SWIFT_OPTIMIZATION_LEVEL = "-Onone";
			};
			name = Debug;
		};
		861BC8792AEFC5D80082975B /* Release */ = {
			isa = XCBuildConfiguration;
			buildSettings = {
				ALWAYS_SEARCH_USER_PATHS = NO;
				ASSETCATALOG_COMPILER_GENERATE_SWIFT_ASSET_SYMBOL_EXTENSIONS = YES;
				CLANG_ANALYZER_NONNULL = YES;
				CLANG_ANALYZER_NUMBER_OBJECT_CONVERSION = YES_AGGRESSIVE;
				CLANG_CXX_LANGUAGE_STANDARD = "gnu++20";
				CLANG_ENABLE_MODULES = YES;
				CLANG_ENABLE_OBJC_ARC = YES;
				CLANG_ENABLE_OBJC_WEAK = YES;
				CLANG_WARN_BLOCK_CAPTURE_AUTORELEASING = YES;
				CLANG_WARN_BOOL_CONVERSION = YES;
				CLANG_WARN_COMMA = YES;
				CLANG_WARN_CONSTANT_CONVERSION = YES;
				CLANG_WARN_DEPRECATED_OBJC_IMPLEMENTATIONS = YES;
				CLANG_WARN_DIRECT_OBJC_ISA_USAGE = YES_ERROR;
				CLANG_WARN_DOCUMENTATION_COMMENTS = YES;
				CLANG_WARN_EMPTY_BODY = YES;
				CLANG_WARN_ENUM_CONVERSION = YES;
				CLANG_WARN_INFINITE_RECURSION = YES;
				CLANG_WARN_INT_CONVERSION = YES;
				CLANG_WARN_NON_LITERAL_NULL_CONVERSION = YES;
				CLANG_WARN_OBJC_IMPLICIT_RETAIN_SELF = YES;
				CLANG_WARN_OBJC_LITERAL_CONVERSION = YES;
				CLANG_WARN_OBJC_ROOT_CLASS = YES_ERROR;
				CLANG_WARN_QUOTED_INCLUDE_IN_FRAMEWORK_HEADER = YES;
				CLANG_WARN_RANGE_LOOP_ANALYSIS = YES;
				CLANG_WARN_STRICT_PROTOTYPES = YES;
				CLANG_WARN_SUSPICIOUS_MOVE = YES;
				CLANG_WARN_UNGUARDED_AVAILABILITY = YES_AGGRESSIVE;
				CLANG_WARN_UNREACHABLE_CODE = YES;
				CLANG_WARN__DUPLICATE_METHOD_MATCH = YES;
				COPY_PHASE_STRIP = NO;
				DEBUG_INFORMATION_FORMAT = "dwarf-with-dsym";
				ENABLE_NS_ASSERTIONS = NO;
				ENABLE_STRICT_OBJC_MSGSEND = YES;
				ENABLE_USER_SCRIPT_SANDBOXING = YES;
				GCC_C_LANGUAGE_STANDARD = gnu17;
				GCC_NO_COMMON_BLOCKS = YES;
				GCC_WARN_64_TO_32_BIT_CONVERSION = YES;
				GCC_WARN_ABOUT_RETURN_TYPE = YES_ERROR;
				GCC_WARN_UNDECLARED_SELECTOR = YES;
				GCC_WARN_UNINITIALIZED_AUTOS = YES_AGGRESSIVE;
				GCC_WARN_UNUSED_FUNCTION = YES;
				GCC_WARN_UNUSED_VARIABLE = YES;
				IPHONEOS_DEPLOYMENT_TARGET = 17.0;
				LOCALIZATION_PREFERS_STRING_CATALOGS = YES;
				MTL_ENABLE_DEBUG_INFO = NO;
				MTL_FAST_MATH = YES;
				SDKROOT = iphoneos;
				SWIFT_COMPILATION_MODE = wholemodule;
				VALIDATE_PRODUCT = YES;
			};
			name = Release;
		};
		861BC87B2AEFC5D80082975B /* Debug */ = {
			isa = XCBuildConfiguration;
			buildSettings = {
				ASSETCATALOG_COMPILER_APPICON_NAME = AppIcon;
				ASSETCATALOG_COMPILER_GLOBAL_ACCENT_COLOR_NAME = AccentColor;
				CODE_SIGN_STYLE = Automatic;
				CURRENT_PROJECT_VERSION = 1;
				GENERATE_INFOPLIST_FILE = YES;
				INFOPLIST_FILE = "WorkoutApp/Supporting Files/Info.plist";
				INFOPLIST_KEY_UIApplicationSupportsIndirectInputEvents = YES;
				INFOPLIST_KEY_UILaunchStoryboardName = LaunchScreen;
				INFOPLIST_KEY_UISupportedInterfaceOrientations = UIInterfaceOrientationPortrait;
				INFOPLIST_KEY_UISupportedInterfaceOrientations_iPad = "UIInterfaceOrientationLandscapeLeft UIInterfaceOrientationLandscapeRight UIInterfaceOrientationPortrait UIInterfaceOrientationPortraitUpsideDown";
				LD_RUNPATH_SEARCH_PATHS = (
					"$(inherited)",
					"@executable_path/Frameworks",
				);
				MARKETING_VERSION = 1.0;
				PRODUCT_BUNDLE_IDENTIFIER = RazumovPV.WorkoutApp;
				PRODUCT_NAME = "$(TARGET_NAME)";
				SUPPORTED_PLATFORMS = "iphoneos iphonesimulator";
				SUPPORTS_MACCATALYST = NO;
				SUPPORTS_MAC_DESIGNED_FOR_IPHONE_IPAD = NO;
				SWIFT_EMIT_LOC_STRINGS = YES;
				SWIFT_VERSION = 5.0;
				TARGETED_DEVICE_FAMILY = 1;
			};
			name = Debug;
		};
		861BC87C2AEFC5D80082975B /* Release */ = {
			isa = XCBuildConfiguration;
			buildSettings = {
				ASSETCATALOG_COMPILER_APPICON_NAME = AppIcon;
				ASSETCATALOG_COMPILER_GLOBAL_ACCENT_COLOR_NAME = AccentColor;
				CODE_SIGN_STYLE = Automatic;
				CURRENT_PROJECT_VERSION = 1;
				GENERATE_INFOPLIST_FILE = YES;
				INFOPLIST_FILE = "WorkoutApp/Supporting Files/Info.plist";
				INFOPLIST_KEY_UIApplicationSupportsIndirectInputEvents = YES;
				INFOPLIST_KEY_UILaunchStoryboardName = LaunchScreen;
				INFOPLIST_KEY_UISupportedInterfaceOrientations = UIInterfaceOrientationPortrait;
				INFOPLIST_KEY_UISupportedInterfaceOrientations_iPad = "UIInterfaceOrientationLandscapeLeft UIInterfaceOrientationLandscapeRight UIInterfaceOrientationPortrait UIInterfaceOrientationPortraitUpsideDown";
				LD_RUNPATH_SEARCH_PATHS = (
					"$(inherited)",
					"@executable_path/Frameworks",
				);
				MARKETING_VERSION = 1.0;
				PRODUCT_BUNDLE_IDENTIFIER = RazumovPV.WorkoutApp;
				PRODUCT_NAME = "$(TARGET_NAME)";
				SUPPORTED_PLATFORMS = "iphoneos iphonesimulator";
				SUPPORTS_MACCATALYST = NO;
				SUPPORTS_MAC_DESIGNED_FOR_IPHONE_IPAD = NO;
				SWIFT_EMIT_LOC_STRINGS = YES;
				SWIFT_VERSION = 5.0;
				TARGETED_DEVICE_FAMILY = 1;
			};
			name = Release;
		};
/* End XCBuildConfiguration section */

/* Begin XCConfigurationList section */
		861BC8612AEFC5D70082975B /* Build configuration list for PBXProject "WorkoutApp" */ = {
			isa = XCConfigurationList;
			buildConfigurations = (
				861BC8782AEFC5D80082975B /* Debug */,
				861BC8792AEFC5D80082975B /* Release */,
			);
			defaultConfigurationIsVisible = 0;
			defaultConfigurationName = Release;
		};
		861BC87A2AEFC5D80082975B /* Build configuration list for PBXNativeTarget "WorkoutApp" */ = {
			isa = XCConfigurationList;
			buildConfigurations = (
				861BC87B2AEFC5D80082975B /* Debug */,
				861BC87C2AEFC5D80082975B /* Release */,
			);
			defaultConfigurationIsVisible = 0;
			defaultConfigurationName = Release;
		};
/* End XCConfigurationList section */
	};
	rootObject = 861BC85E2AEFC5D70082975B /* Project object */;
}
